{
  "name": "wwwroot",
  "version": "1.0.0",
  "lockfileVersion": 3,
  "requires": true,
  "packages": {
    "": {
      "name": "wwwroot",
      "version": "1.0.0",
      "dependencies": {
        "devextreme-dist": "^23.2.3",
        "jquery": "^3.7.1"
      }
    },
    "node_modules/devextreme-dist": {
      "version": "23.2.3",
      "resolved": "https://registry.npmjs.org/devextreme-dist/-/devextreme-dist-23.2.3.tgz",
      "integrity": "sha512-VZNwk5BnvrpOKGU/1JacKHApeXHEi6UZ42gcOltBc7sRectt3g422WPpWfzxh1mGn+kxswaN3aTthMgR4vOvyA=="
    },
    "node_modules/jquery": {
      "version": "3.7.1",
      "resolved": "https://registry.npmjs.org/jquery/-/jquery-3.7.1.tgz",
      "integrity": "sha512-m4avr8yL8kmFN8psrbFFFmB/If14iN5o9nw/NgnnM+kybDJpRsAynV2BsfpTYrTRysYUdADVD7CkUUizgkpLfg=="
    }
  }
}
